# generated by rye
# use `rye lock` or `rye sync` to update this lockfile
#
# last locked with the following flags:
#   pre: false
#   features: []
#   all-features: false
#   with-sources: false

-e file:.
aiomysql==0.2.0
    # via sqlalchemy
annotated-types==0.6.0
    # via pydantic
anyio==4.3.0
    # via httpx
    # via starlette
    # via watchfiles
black==24.3.0
build==1.2.1
certifi==2022.12.7
    # via httpcore
    # via httpx
click==8.1.7
    # via black
    # via hatch
    # via userpath
    # via uvicorn
colorama==0.4.6
    # via build
    # via click
    # via pytest
    # via uvicorn
contourpy==1.2.0
    # via matplotlib
cycler==0.12.1
    # via matplotlib
distlib==0.3.8
    # via virtualenv
dnspython==2.6.1
    # via email-validator
editables==0.5
    # via hatchling
email-validator==2.1.1
    # via fastapi
fastapi==0.110.1
    # via paladin
filelock==3.9.0
    # via virtualenv
fonttools==4.50.0
    # via matplotlib
greenlet==3.0.3
    # via sqlalchemy
h11==0.14.0
    # via httpcore
    # via uvicorn
hatch==1.9.4
hatchling==1.21.1
    # via hatch
httpcore==1.0.4
    # via httpx
httptools==0.6.1
    # via uvicorn
httpx==0.27.0
    # via fastapi
    # via hatch
hyperlink==21.0.0
    # via hatch
idna==3.4
    # via anyio
    # via email-validator
    # via httpx
    # via hyperlink
iniconfig==2.0.0
    # via pytest
isort==5.13.2
itsdangerous==2.1.2
    # via fastapi
jaraco-classes==3.3.1
    # via keyring
jaraco-context==4.3.0
    # via keyring
jaraco-functools==4.0.0
    # via keyring
jinja2==3.1.2
    # via fastapi
keyring==25.0.0
    # via hatch
kiwisolver==1.4.5
    # via matplotlib
markdown-it-py==3.0.0
    # via rich
markupsafe==2.1.3
    # via jinja2
matplotlib==3.8.4
    # via paladin
mdurl==0.1.2
    # via markdown-it-py
more-itertools==10.2.0
    # via jaraco-classes
    # via jaraco-functools
mypy-extensions==1.0.0
    # via black
numpy==1.26.3
    # via contourpy
    # via matplotlib
    # via paladin
    # via pandas
    # via scipy
orjson==3.10.0
    # via fastapi
packaging==22.0
    # via black
    # via build
    # via hatch
    # via hatchling
    # via matplotlib
    # via pytest
pandas==2.2.1
    # via paladin
pathspec==0.12.1
    # via black
    # via hatchling
pexpect==4.9.0
    # via hatch
pillow==10.2.0
    # via matplotlib
platformdirs==3.11.0
    # via black
    # via hatch
    # via virtualenv
pluggy==1.4.0
    # via hatchling
    # via pytest
ptyprocess==0.7.0
    # via pexpect
pydantic==2.6.4
    # via fastapi
    # via pydantic-extra-types
    # via pydantic-settings
pydantic-core==2.16.3
    # via pydantic
pydantic-extra-types==2.6.0
    # via fastapi
pydantic-settings==2.2.1
    # via fastapi
pygments==2.17.2
    # via rich
pymysql==1.1.0
    # via aiomysql
pyparsing==3.1.2
    # via matplotlib
pyproject-hooks==1.0.0
    # via build
pytest==8.1.1
python-dateutil==2.9.0.post0
    # via matplotlib
    # via pandas
python-dotenv==1.0.1
    # via pydantic-settings
    # via uvicorn
python-multipart==0.0.9
    # via fastapi
pytz==2024.1
    # via pandas
pywin32-ctypes==0.2.2
    # via keyring
pyyaml==6.0.1
    # via fastapi
    # via uvicorn
redis==5.0.3
    # via paladin
rich==13.7.1
    # via hatch
ruff==0.3.5
scipy==1.13.0
    # via paladin
setuptools==69.2.0
shellingham==1.5.4
    # via hatch
six==1.16.0
    # via python-dateutil
sniffio==1.3.1
    # via anyio
    # via httpx
sqlalchemy==2.0.29
    # via paladin
starlette==0.37.2
    # via fastapi
tomli-w==1.0.0
    # via hatch
tomlkit==0.12.4
    # via hatch
trove-classifiers==2024.3.3
    # via hatchling
typing-extensions==4.8.0
    # via fastapi
    # via pydantic
    # via pydantic-core
    # via sqlalchemy
tzdata==2024.1
    # via pandas
ujson==5.9.0
    # via fastapi
userpath==1.9.2
    # via hatch
uvicorn==0.29.0
    # via fastapi
virtualenv==20.21.1
    # via hatch
watchfiles==0.21.0
    # via uvicorn
websockets==12.0
    # via uvicorn
wheel==0.43.0
zstandard==0.22.0
    # via hatch
